
Microsoft Visual Studio Solution File, Format Version 12.00
# Visual Studio Version 16
VisualStudioVersion = 16.0.32126.315
MinimumVisualStudioVersion = 10.0.40219.1
Project("{FAE04EC0-301F-11D3-BF4B-00C04F79EFBC}") = "HandIn2Ladeskab", "HandIn2Ladeskab\HandIn2Ladeskab.csproj", "{785CFE14-9C0D-42BC-8F8E-6B11ECEEE305}"
EndProject
Global
	GlobalSection(SolutionConfigurationPlatforms) = preSolution
		Debug|Any CPU = Debug|Any CPU
		Release|Any CPU = Release|Any CPU
	EndGlobalSection
	GlobalSection(ProjectConfigurationPlatforms) = postSolution
		{785CFE14-9C0D-42BC-8F8E-6B11ECEEE305}.Debug|Any CPU.ActiveCfg = Debug|Any CPU
		{785CFE14-9C0D-42BC-8F8E-6B11ECEEE305}.Debug|Any CPU.Build.0 = Debug|Any CPU
		{785CFE14-9C0D-42BC-8F8E-6B11ECEEE305}.Release|Any CPU.ActiveCfg = Release|Any CPU
		{785CFE14-9C0D-42BC-8F8E-6B11ECEEE305}.Release|Any CPU.Build.0 = Release|Any CPU
	EndGlobalSection
	GlobalSection(SolutionProperties) = preSolution
		HideSolutionNode = FALSE
	EndGlobalSection
	GlobalSection(ExtensibilityGlobals) = postSolution
		SolutionGuid = {8B611B31-EB1A-4F54-B92D-25AA694B7FFE}
	EndGlobalSection
EndGlobal
